
Microsoft Visual Studio Solution File, Format Version 12.00
# Visual Studio Version 17
VisualStudioVersion = 17.3.32929.385
MinimumVisualStudioVersion = 10.0.40219.1
Project("{FAE04EC0-301F-11D3-BF4B-00C04F79EFBC}") = "NetMe.API", "NetMe.API\NetMe.API.csproj", "{473CC46E-A06A-4FD1-B019-79F1623A2178}"
EndProject
Project("{2150E333-8FDC-42A3-9474-1A3956D46DE8}") = "Solution Items", "Solution Items", "{31BA9B0D-87CA-4A0D-B57A-2534A75537DA}"
	ProjectSection(SolutionItems) = preProject
		.editorconfig = .editorconfig
	EndProjectSection
EndProject
Global
	GlobalSection(SolutionConfigurationPlatforms) = preSolution
		Debug|Any CPU = Debug|Any CPU
		Release|Any CPU = Release|Any CPU
	EndGlobalSection
	GlobalSection(ProjectConfigurationPlatforms) = postSolution
		{473CC46E-A06A-4FD1-B019-79F1623A2178}.Debug|Any CPU.ActiveCfg = Debug|Any CPU
		{473CC46E-A06A-4FD1-B019-79F1623A2178}.Debug|Any CPU.Build.0 = Debug|Any CPU
		{473CC46E-A06A-4FD1-B019-79F1623A2178}.Release|Any CPU.ActiveCfg = Release|Any CPU
		{473CC46E-A06A-4FD1-B019-79F1623A2178}.Release|Any CPU.Build.0 = Release|Any CPU
	EndGlobalSection
	GlobalSection(SolutionProperties) = preSolution
		HideSolutionNode = FALSE
	EndGlobalSection
	GlobalSection(ExtensibilityGlobals) = postSolution
		SolutionGuid = {468DAF9A-D146-4C2D-B151-3B0447B1AC65}
	EndGlobalSection
EndGlobal
